schema: '2.0'
stages:
  data_ingestion:
    cmd: python -m src.data.data_ingestion
    deps:
    - path: src/data/data_ingestion.py
      hash: md5
      md5: ac7ca36a71e620226c1b0f0f85342bc6
      size: 3971
    params:
      params.yaml:
        data_ingestion.test_size: 0.25
    outs:
    - path: data/raw
      hash: md5
      md5: 4cb13be77d38db01f1457549ce0e0406.dir
      size: 649243
      nfiles: 2
  data_preprocessing:
    cmd: python -m src.data.data_preprocessing
    deps:
    - path: data/raw
      hash: md5
      md5: 4cb13be77d38db01f1457549ce0e0406.dir
      size: 649243
      nfiles: 2
    - path: src/data/data_preprocessing.py
      hash: md5
      md5: 4589b19602a2a88f3b894c61cacc5a61
      size: 3096
    outs:
    - path: data/interim
      hash: md5
      md5: 30f7068da4a57b080052004044763ab0.dir
      size: 401269
      nfiles: 2
  feature_engineering:
    cmd: python -m src.features.feature_engineering
    deps:
    - path: data/interim
      hash: md5
      md5: 30f7068da4a57b080052004044763ab0.dir
      size: 401269
      nfiles: 2
    - path: src/features/feature_engineering.py
      hash: md5
      md5: 4b8235ad4e9dbe07f14c427f2bb7e05c
      size: 3640
    params:
      params.yaml:
        feature_engineering.max_features: 50
    outs:
    - path: data/processed
      hash: md5
      md5: 93f991e7c8384236e1fae708046ef9e9.dir
      size: 21702
      nfiles: 2
    - path: models/vectorizer.pkl
      hash: md5
      md5: b504cf4ed93db10e5fac0f2327cde6a4
      size: 1071
  model_building:
    cmd: python -m src.model.model_building
    deps:
    - path: data/processed
      hash: md5
      md5: 93f991e7c8384236e1fae708046ef9e9.dir
      size: 21702
      nfiles: 2
    - path: src/model/model_building.py
      hash: md5
      md5: ecc12201c804c83381350e230cd0ab3f
      size: 2056
    outs:
    - path: models/model.pkl
      hash: md5
      md5: f7613d007775bba70c7636096fe4148c
      size: 872
  model_evaluation:
    cmd: python -m src.model.model_evaluation
    deps:
    - path: models/model.pkl
      hash: md5
      md5: f7613d007775bba70c7636096fe4148c
      size: 872
    - path: src/model/model_evaluation.py
      hash: md5
      md5: 62ddd0be80ff611d51a7715be30ca9a2
      size: 7340
    outs:
    - path: reports/experiment_info.json
      hash: md5
      md5: 5d8f5498701e0dc416a396471ffb2fa6
      size: 82
    - path: reports/metrics.json
      hash: md5
      md5: d033c63e00041b23287df7eb0fd2e5a4
      size: 133
  model_registration:
    cmd: python -m src.model.register_model
    deps:
    - path: reports/experiment_info.json
      hash: md5
      md5: 5d8f5498701e0dc416a396471ffb2fa6
      size: 82
    - path: src/model/register_model.py
      hash: md5
      md5: 655356a130de3bb48224c6ffbdedad39
      size: 2084
