schema: '2.0'
stages:
  data_ingestion:
    cmd: python src/data/data_ingestion.py
    deps:
    - path: src/data/data_ingestion.py
      hash: md5
      md5: 1ac0456efd5e2efcfb3f04b36b6bb547
      size: 4153
    params:
      params.yaml:
        data_ingestion.test_size: 0.25
    outs:
    - path: data/raw
      hash: md5
      md5: 4cb13be77d38db01f1457549ce0e0406.dir
      size: 649243
      nfiles: 2
  data_preprocessing:
    cmd: python src/data/data_preprocessing.py
    deps:
    - path: data/raw
      hash: md5
      md5: 4cb13be77d38db01f1457549ce0e0406.dir
      size: 649243
      nfiles: 2
    - path: src/data/data_preprocessing.py
      hash: md5
      md5: a0d0986f1695b3e851d0f37dad4451b8
      size: 2909
    outs:
    - path: data/interim
      hash: md5
      md5: 30f7068da4a57b080052004044763ab0.dir
      size: 401269
      nfiles: 2
  feature_engineering:
    cmd: python src/features/feature_engineering.py
    deps:
    - path: data/interim
      hash: md5
      md5: 30f7068da4a57b080052004044763ab0.dir
      size: 401269
      nfiles: 2
    - path: src/features/feature_engineering.py
      hash: md5
      md5: 48172f39a1b55667b100a9ee521a1bef
      size: 3449
    params:
      params.yaml:
        feature_engineering.max_features: 50
    outs:
    - path: data/processed
      hash: md5
      md5: 93f991e7c8384236e1fae708046ef9e9.dir
      size: 21702
      nfiles: 2
    - path: models/vectorizer.pkl
      hash: md5
      md5: f440c046da4b4cf1c37d9afad736cf14
      size: 990
  model_building:
    cmd: python src/model/model_building.py
    deps:
    - path: data/processed
      hash: md5
      md5: 93f991e7c8384236e1fae708046ef9e9.dir
      size: 21702
      nfiles: 2
    - path: src/model/model_building.py
      hash: md5
      md5: 5262c77711462ba3ee484a3828aa413f
      size: 1859
    outs:
    - path: models/model.pkl
      hash: md5
      md5: f0e1619f7aa474a71b37c65ec0e61ae9
      size: 871
  model_evaluation:
    cmd: python src/model/model_evaluation.py
    deps:
    - path: models/model.pkl
      hash: md5
      md5: f0e1619f7aa474a71b37c65ec0e61ae9
      size: 871
    - path: src/model/model_evaluation.py
      hash: md5
      md5: 6a8c1fc3cc414b1387e9776d7da861d6
      size: 5573
    outs:
    - path: reports/experiment_info.json
      hash: md5
      md5: 77c278a6e27a2e25105d6370e49fe1e7
      size: 82
    - path: reports/metrics.json
      hash: md5
      md5: d033c63e00041b23287df7eb0fd2e5a4
      size: 133
  model_registration:
    cmd: python src/model/register_model.py
    deps:
    - path: reports/experiment_info.json
      hash: md5
      md5: 77c278a6e27a2e25105d6370e49fe1e7
      size: 82
    - path: src/model/register_model.py
      hash: md5
      md5: 26ad8e7cf2904b77a5b59fba1408d3e1
      size: 3153
